PODS:
  - box-ios-sdk (1.0.14):
    - box-ios-sdk/logger (= 1.0.14)
    - box-ios-sdk/no-arc (= 1.0.14)
  - box-ios-sdk/logger (1.0.14)
  - box-ios-sdk/no-arc (1.0.14):
    - box-ios-sdk/logger

DEPENDENCIES:
  - box-ios-sdk (from `../`)

EXTERNAL SOURCES:
  box-ios-sdk:
    :path: "../"

SPEC CHECKSUMS:
  box-ios-sdk: 8f8663807e26fd5e6bb89a07c0402d2bef605d30

PODFILE CHECKSUM: f799e7bfa86f6c897ddc4967d3c45c7a478067c2

COCOAPODS: 1.0.0
