PODS:
  - box-ios-sdk (1.0.10):
    - box-ios-sdk/logger (= 1.0.10)
    - box-ios-sdk/no-arc (= 1.0.10)
  - box-ios-sdk/logger (1.0.10)
  - box-ios-sdk/no-arc (1.0.10):
    - box-ios-sdk/logger

DEPENDENCIES:
  - box-ios-sdk (from `../`)

EXTERNAL SOURCES:
  box-ios-sdk:
    :path: ../

SPEC CHECKSUMS:
  box-ios-sdk: 9294e4f5fc65ee173c62db46a70acd3fd83689b8

COCOAPODS: 0.39.0
