<?xml version="1.0" encoding="UTF-8"?>
<!DOCTYPE plist PUBLIC "-//Apple//DTD PLIST 1.0//EN" "http://www.apple.com/DTDs/PropertyList-1.0.dtd">
<plist version="1.0">
<dict>
	<key>archiveVersion</key>
	<string>1</string>
	<key>classes</key>
	<dict/>
	<key>objectVersion</key>
	<string>46</string>
	<key>objects</key>
	<dict>
		<key>3DD751901AD2FEDE00BA719A</key>
		<dict>
			<key>isa</key>
			<string>PBXFileReference</string>
			<key>lastKnownFileType</key>
			<string>wrapper.framework</string>
			<key>name</key>
			<string>Photos.framework</string>
			<key>path</key>
			<string>System/Library/Frameworks/Photos.framework</string>
			<key>sourceTree</key>
			<string>SDKROOT</string>
		</dict>
		<key>3DD751911AD2FEDE00BA719A</key>
		<dict>
			<key>fileRef</key>
			<string>3DD751901AD2FEDE00BA719A</string>
			<key>isa</key>
			<string>PBXBuildFile</string>
		</dict>
		<key>3DD751951AD3044500BA719A</key>
		<dict>
			<key>fileEncoding</key>
			<string>4</string>
			<key>isa</key>
			<string>PBXFileReference</string>
			<key>lastKnownFileType</key>
			<string>sourcecode.c.h</string>
			<key>path</key>
			<string>BOXSampleLibraryAssetViewController.h</string>
			<key>sourceTree</key>
			<string>&lt;group&gt;</string>
		</dict>
		<key>3DD751961AD3044500BA719A</key>
		<dict>
			<key>fileEncoding</key>
			<string>4</string>
			<key>isa</key>
			<string>PBXFileReference</string>
			<key>lastKnownFileType</key>
			<string>sourcecode.c.objc</string>
			<key>path</key>
			<string>BOXSampleLibraryAssetViewController.m</string>
			<key>sourceTree</key>
			<string>&lt;group&gt;</string>
		</dict>
		<key>3DD751971AD3044500BA719A</key>
		<dict>
			<key>fileRef</key>
			<string>3DD751961AD3044500BA719A</string>
			<key>isa</key>
			<string>PBXBuildFile</string>
		</dict>
		<key>4307CF4D9492EC5B0F94B7C1</key>
		<dict>
			<key>buildActionMask</key>
			<string>2147483647</string>
			<key>files</key>
			<array/>
			<key>inputPaths</key>
			<array/>
			<key>isa</key>
			<string>PBXShellScriptBuildPhase</string>
			<key>name</key>
			<string>Embed Pods Frameworks</string>
			<key>outputPaths</key>
			<array/>
			<key>runOnlyForDeploymentPostprocessing</key>
			<string>0</string>
			<key>shellPath</key>
			<string>/bin/sh</string>
			<key>shellScript</key>
			<string>"${SRCROOT}/Pods/Target Support Files/Pods-BoxContentSDKSampleApp/Pods-BoxContentSDKSampleApp-frameworks.sh"
</string>
			<key>showEnvVarsInLog</key>
			<string>0</string>
		</dict>
		<key>521CB38129EBF42057D11D1B</key>
		<dict>
			<key>buildActionMask</key>
			<string>2147483647</string>
			<key>files</key>
			<array/>
			<key>inputPaths</key>
			<array/>
			<key>isa</key>
			<string>PBXShellScriptBuildPhase</string>
			<key>name</key>
			<string>Copy Pods Resources</string>
			<key>outputPaths</key>
			<array/>
			<key>runOnlyForDeploymentPostprocessing</key>
			<string>0</string>
			<key>shellPath</key>
			<string>/bin/sh</string>
			<key>shellScript</key>
			<string>"${SRCROOT}/Pods/Target Support Files/Pods-BoxContentSDKSampleApp/Pods-BoxContentSDKSampleApp-resources.sh"
</string>
			<key>showEnvVarsInLog</key>
			<string>0</string>
		</dict>
		<key>547555C65AAC6EC967727224</key>
		<dict>
			<key>children</key>
			<array>
				<string>AE3E844380CFCDD4B3A1B2D6</string>
				<string>F9EEE865F11B4AC3E4B76C63</string>
			</array>
			<key>isa</key>
			<string>PBXGroup</string>
			<key>name</key>
			<string>Pods</string>
			<key>sourceTree</key>
			<string>&lt;group&gt;</string>
		</dict>
		<key>86BA52D21B2A0950005DC854</key>
		<dict>
			<key>fileEncoding</key>
			<string>4</string>
			<key>isa</key>
			<string>PBXFileReference</string>
			<key>lastKnownFileType</key>
			<string>sourcecode.c.h</string>
			<key>path</key>
			<string>BOXAuthenticationPickerViewController.h</string>
			<key>sourceTree</key>
			<string>&lt;group&gt;</string>
		</dict>
		<key>86BA52D31B2A0950005DC854</key>
		<dict>
			<key>fileEncoding</key>
			<string>4</string>
			<key>isa</key>
			<string>PBXFileReference</string>
			<key>lastKnownFileType</key>
			<string>sourcecode.c.objc</string>
			<key>path</key>
			<string>BOXAuthenticationPickerViewController.m</string>
			<key>sourceTree</key>
			<string>&lt;group&gt;</string>
		</dict>
		<key>86BA52D41B2A0950005DC854</key>
		<dict>
			<key>fileRef</key>
			<string>86BA52D31B2A0950005DC854</string>
			<key>isa</key>
			<string>PBXBuildFile</string>
		</dict>
		<key>87CB12F14FE607574C024622</key>
		<dict>
			<key>explicitFileType</key>
			<string>archive.ar</string>
			<key>includeInIndex</key>
			<string>0</string>
			<key>isa</key>
			<string>PBXFileReference</string>
			<key>path</key>
			<string>libPods-BoxContentSDKSampleApp.a</string>
			<key>sourceTree</key>
			<string>BUILT_PRODUCTS_DIR</string>
		</dict>
		<key>983E98E82C544700D923D044</key>
		<dict>
			<key>fileRef</key>
			<string>87CB12F14FE607574C024622</string>
			<key>isa</key>
			<string>PBXBuildFile</string>
		</dict>
		<key>AE3E844380CFCDD4B3A1B2D6</key>
		<dict>
			<key>includeInIndex</key>
			<string>1</string>
			<key>isa</key>
			<string>PBXFileReference</string>
			<key>lastKnownFileType</key>
			<string>text.xcconfig</string>
			<key>name</key>
			<string>Pods-BoxContentSDKSampleApp.debug.xcconfig</string>
			<key>path</key>
			<string>Pods/Target Support Files/Pods-BoxContentSDKSampleApp/Pods-BoxContentSDKSampleApp.debug.xcconfig</string>
			<key>sourceTree</key>
			<string>&lt;group&gt;</string>
		</dict>
		<key>C52D0A871A5C18D100CD4B56</key>
		<dict>
			<key>isa</key>
			<string>PBXFileReference</string>
			<key>lastKnownFileType</key>
			<string>wrapper.framework</string>
			<key>name</key>
			<string>Foundation.framework</string>
			<key>path</key>
			<string>System/Library/Frameworks/Foundation.framework</string>
			<key>sourceTree</key>
			<string>SDKROOT</string>
		</dict>
		<key>C52D0A881A5C18D100CD4B56</key>
		<dict>
			<key>fileRef</key>
			<string>C52D0A871A5C18D100CD4B56</string>
			<key>isa</key>
			<string>PBXBuildFile</string>
		</dict>
		<key>C52D0A8D1A5C18ED00CD4B56</key>
		<dict>
			<key>children</key>
			<array>
				<string>3DD751901AD2FEDE00BA719A</string>
				<string>C52D0A8E1A5C18FB00CD4B56</string>
				<string>C540BEB41A5B00BA0060E41B</string>
				<string>C540BEB21A5B00B40060E41B</string>
				<string>C52D0A871A5C18D100CD4B56</string>
				<string>87CB12F14FE607574C024622</string>
			</array>
			<key>isa</key>
			<string>PBXGroup</string>
			<key>name</key>
			<string>Frameworks</string>
			<key>sourceTree</key>
			<string>&lt;group&gt;</string>
		</dict>
		<key>C52D0A8E1A5C18FB00CD4B56</key>
		<dict>
			<key>isa</key>
			<string>PBXFileReference</string>
			<key>lastKnownFileType</key>
			<string>wrapper.framework</string>
			<key>name</key>
			<string>CoreFoundation.framework</string>
			<key>path</key>
			<string>System/Library/Frameworks/CoreFoundation.framework</string>
			<key>sourceTree</key>
			<string>SDKROOT</string>
		</dict>
		<key>C52D0A8F1A5C18FB00CD4B56</key>
		<dict>
			<key>fileRef</key>
			<string>C52D0A8E1A5C18FB00CD4B56</string>
			<key>isa</key>
			<string>PBXBuildFile</string>
		</dict>
		<key>C52D0A921A5C1C7A00CD4B56</key>
		<dict>
			<key>children</key>
			<array>
				<string>C52D0A931A5C1C7A00CD4B56</string>
			</array>
			<key>isa</key>
			<string>PBXVariantGroup</string>
			<key>name</key>
			<string>Main.storyboard</string>
			<key>sourceTree</key>
			<string>&lt;group&gt;</string>
		</dict>
		<key>C52D0A931A5C1C7A00CD4B56</key>
		<dict>
			<key>isa</key>
			<string>PBXFileReference</string>
			<key>lastKnownFileType</key>
			<string>file.storyboard</string>
			<key>name</key>
			<string>Base</string>
			<key>path</key>
			<string>Base.lproj/Main.storyboard</string>
			<key>sourceTree</key>
			<string>&lt;group&gt;</string>
		</dict>
		<key>C52D0A941A5C1C7A00CD4B56</key>
		<dict>
			<key>fileRef</key>
			<string>C52D0A921A5C1C7A00CD4B56</string>
			<key>isa</key>
			<string>PBXBuildFile</string>
		</dict>
		<key>C52D0A9D1A5C27A700CD4B56</key>
		<dict>
			<key>fileEncoding</key>
			<string>4</string>
			<key>isa</key>
			<string>PBXFileReference</string>
			<key>lastKnownFileType</key>
			<string>sourcecode.c.h</string>
			<key>path</key>
			<string>BOXSampleFolderViewController.h</string>
			<key>sourceTree</key>
			<string>&lt;group&gt;</string>
		</dict>
		<key>C52D0A9E1A5C27A700CD4B56</key>
		<dict>
			<key>fileEncoding</key>
			<string>4</string>
			<key>isa</key>
			<string>PBXFileReference</string>
			<key>lastKnownFileType</key>
			<string>sourcecode.c.objc</string>
			<key>path</key>
			<string>BOXSampleFolderViewController.m</string>
			<key>sourceTree</key>
			<string>&lt;group&gt;</string>
		</dict>
		<key>C52D0A9F1A5C27A700CD4B56</key>
		<dict>
			<key>fileRef</key>
			<string>C52D0A9E1A5C27A700CD4B56</string>
			<key>isa</key>
			<string>PBXBuildFile</string>
		</dict>
		<key>C52D0AA11A5C28D800CD4B56</key>
		<dict>
			<key>fileEncoding</key>
			<string>4</string>
			<key>isa</key>
			<string>PBXFileReference</string>
			<key>lastKnownFileType</key>
			<string>sourcecode.c.h</string>
			<key>path</key>
			<string>BoxContentSDKSampleApp-Prefix.pch</string>
			<key>sourceTree</key>
			<string>&lt;group&gt;</string>
		</dict>
		<key>C52D0AA21A5C2AB300CD4B56</key>
		<dict>
			<key>children</key>
			<array>
				<string>C55FE3211A5EDA9F00032032</string>
				<string>C52D0AA31A5C2AB300CD4B56</string>
				<string>C52D0AA41A5C2AB300CD4B56</string>
				<string>E11BED351ADBE5CA00A9216F</string>
				<string>E11BED361ADBE5CA00A9216F</string>
				<string>C52D0AA51A5C2AB300CD4B56</string>
				<string>C52D0AA61A5C2AB300CD4B56</string>
				<string>C52D0AA71A5C2AB300CD4B56</string>
				<string>C52D0AA81A5C2AB300CD4B56</string>
			</array>
			<key>isa</key>
			<string>PBXGroup</string>
			<key>path</key>
			<string>Ressources</string>
			<key>sourceTree</key>
			<string>&lt;group&gt;</string>
		</dict>
		<key>C52D0AA31A5C2AB300CD4B56</key>
		<dict>
			<key>isa</key>
			<string>PBXFileReference</string>
			<key>lastKnownFileType</key>
			<string>image.png</string>
			<key>path</key>
			<string>icon-file-generic.png</string>
			<key>sourceTree</key>
			<string>&lt;group&gt;</string>
		</dict>
		<key>C52D0AA41A5C2AB300CD4B56</key>
		<dict>
			<key>isa</key>
			<string>PBXFileReference</string>
			<key>lastKnownFileType</key>
			<string>image.png</string>
			<key>path</key>
			<string>icon-file-generic@2x.png</string>
			<key>sourceTree</key>
			<string>&lt;group&gt;</string>
		</dict>
		<key>C52D0AA51A5C2AB300CD4B56</key>
		<dict>
			<key>isa</key>
			<string>PBXFileReference</string>
			<key>lastKnownFileType</key>
			<string>image.png</string>
			<key>path</key>
			<string>icon-folder-shared.png</string>
			<key>sourceTree</key>
			<string>&lt;group&gt;</string>
		</dict>
		<key>C52D0AA61A5C2AB300CD4B56</key>
		<dict>
			<key>isa</key>
			<string>PBXFileReference</string>
			<key>lastKnownFileType</key>
			<string>image.png</string>
			<key>path</key>
			<string>icon-folder-shared@2x.png</string>
			<key>sourceTree</key>
			<string>&lt;group&gt;</string>
		</dict>
		<key>C52D0AA71A5C2AB300CD4B56</key>
		<dict>
			<key>isa</key>
			<string>PBXFileReference</string>
			<key>lastKnownFileType</key>
			<string>image.png</string>
			<key>path</key>
			<string>icon-folder.png</string>
			<key>sourceTree</key>
			<string>&lt;group&gt;</string>
		</dict>
		<key>C52D0AA81A5C2AB300CD4B56</key>
		<dict>
			<key>isa</key>
			<string>PBXFileReference</string>
			<key>lastKnownFileType</key>
			<string>image.png</string>
			<key>path</key>
			<string>icon-folder@2x.png</string>
			<key>sourceTree</key>
			<string>&lt;group&gt;</string>
		</dict>
		<key>C52D0AA91A5C2AB300CD4B56</key>
		<dict>
			<key>fileRef</key>
			<string>C52D0AA31A5C2AB300CD4B56</string>
			<key>isa</key>
			<string>PBXBuildFile</string>
		</dict>
		<key>C52D0AAA1A5C2AB300CD4B56</key>
		<dict>
			<key>fileRef</key>
			<string>C52D0AA41A5C2AB300CD4B56</string>
			<key>isa</key>
			<string>PBXBuildFile</string>
		</dict>
		<key>C52D0AAB1A5C2AB300CD4B56</key>
		<dict>
			<key>fileRef</key>
			<string>C52D0AA51A5C2AB300CD4B56</string>
			<key>isa</key>
			<string>PBXBuildFile</string>
		</dict>
		<key>C52D0AAC1A5C2AB300CD4B56</key>
		<dict>
			<key>fileRef</key>
			<string>C52D0AA61A5C2AB300CD4B56</string>
			<key>isa</key>
			<string>PBXBuildFile</string>
		</dict>
		<key>C52D0AAD1A5C2AB300CD4B56</key>
		<dict>
			<key>fileRef</key>
			<string>C52D0AA71A5C2AB300CD4B56</string>
			<key>isa</key>
			<string>PBXBuildFile</string>
		</dict>
		<key>C52D0AAE1A5C2AB300CD4B56</key>
		<dict>
			<key>fileRef</key>
			<string>C52D0AA81A5C2AB300CD4B56</string>
			<key>isa</key>
			<string>PBXBuildFile</string>
		</dict>
		<key>C52D0ABD1A5D4B4100CD4B56</key>
		<dict>
			<key>fileEncoding</key>
			<string>4</string>
			<key>isa</key>
			<string>PBXFileReference</string>
			<key>lastKnownFileType</key>
			<string>sourcecode.c.h</string>
			<key>path</key>
			<string>BOXSampleThumbnailsHelper.h</string>
			<key>sourceTree</key>
			<string>&lt;group&gt;</string>
		</dict>
		<key>C52D0ABE1A5D4B4100CD4B56</key>
		<dict>
			<key>fileEncoding</key>
			<string>4</string>
			<key>isa</key>
			<string>PBXFileReference</string>
			<key>lastKnownFileType</key>
			<string>sourcecode.c.objc</string>
			<key>path</key>
			<string>BOXSampleThumbnailsHelper.m</string>
			<key>sourceTree</key>
			<string>&lt;group&gt;</string>
		</dict>
		<key>C52D0ABF1A5D4B4100CD4B56</key>
		<dict>
			<key>fileRef</key>
			<string>C52D0ABE1A5D4B4100CD4B56</string>
			<key>isa</key>
			<string>PBXBuildFile</string>
		</dict>
		<key>C52D0AC81A5D4D8F00CD4B56</key>
		<dict>
			<key>fileEncoding</key>
			<string>4</string>
			<key>isa</key>
			<string>PBXFileReference</string>
			<key>lastKnownFileType</key>
			<string>sourcecode.c.h</string>
			<key>path</key>
			<string>BOXSampleItemCell.h</string>
			<key>sourceTree</key>
			<string>&lt;group&gt;</string>
		</dict>
		<key>C52D0AC91A5D4D8F00CD4B56</key>
		<dict>
			<key>fileEncoding</key>
			<string>4</string>
			<key>isa</key>
			<string>PBXFileReference</string>
			<key>lastKnownFileType</key>
			<string>sourcecode.c.objc</string>
			<key>path</key>
			<string>BOXSampleItemCell.m</string>
			<key>sourceTree</key>
			<string>&lt;group&gt;</string>
		</dict>
		<key>C52D0ACA1A5D4D8F00CD4B56</key>
		<dict>
			<key>fileRef</key>
			<string>C52D0AC91A5D4D8F00CD4B56</string>
			<key>isa</key>
			<string>PBXBuildFile</string>
		</dict>
		<key>C52D0ACB1A5D4D9600CD4B56</key>
		<dict>
			<key>children</key>
			<array>
				<string>C52D0ABD1A5D4B4100CD4B56</string>
				<string>C52D0ABE1A5D4B4100CD4B56</string>
			</array>
			<key>isa</key>
			<string>PBXGroup</string>
			<key>name</key>
			<string>Helpers</string>
			<key>sourceTree</key>
			<string>&lt;group&gt;</string>
		</dict>
		<key>C540BEB21A5B00B40060E41B</key>
		<dict>
			<key>isa</key>
			<string>PBXFileReference</string>
			<key>lastKnownFileType</key>
			<string>wrapper.framework</string>
			<key>name</key>
			<string>QuartzCore.framework</string>
			<key>path</key>
			<string>System/Library/Frameworks/QuartzCore.framework</string>
			<key>sourceTree</key>
			<string>SDKROOT</string>
		</dict>
		<key>C540BEB31A5B00B40060E41B</key>
		<dict>
			<key>fileRef</key>
			<string>C540BEB21A5B00B40060E41B</string>
			<key>isa</key>
			<string>PBXBuildFile</string>
		</dict>
		<key>C540BEB41A5B00BA0060E41B</key>
		<dict>
			<key>isa</key>
			<string>PBXFileReference</string>
			<key>lastKnownFileType</key>
			<string>wrapper.framework</string>
			<key>name</key>
			<string>Security.framework</string>
			<key>path</key>
			<string>System/Library/Frameworks/Security.framework</string>
			<key>sourceTree</key>
			<string>SDKROOT</string>
		</dict>
		<key>C540BEB51A5B00BA0060E41B</key>
		<dict>
			<key>fileRef</key>
			<string>C540BEB41A5B00BA0060E41B</string>
			<key>isa</key>
			<string>PBXBuildFile</string>
		</dict>
		<key>C55FE2FC1A5D96EE00032032</key>
		<dict>
			<key>fileEncoding</key>
			<string>4</string>
			<key>isa</key>
			<string>PBXFileReference</string>
			<key>lastKnownFileType</key>
			<string>sourcecode.c.h</string>
			<key>path</key>
			<string>BOXSampleFileDetailsController.h</string>
			<key>sourceTree</key>
			<string>&lt;group&gt;</string>
		</dict>
		<key>C55FE2FD1A5D96EE00032032</key>
		<dict>
			<key>fileEncoding</key>
			<string>4</string>
			<key>isa</key>
			<string>PBXFileReference</string>
			<key>lastKnownFileType</key>
			<string>sourcecode.c.objc</string>
			<key>path</key>
			<string>BOXSampleFileDetailsController.m</string>
			<key>sourceTree</key>
			<string>&lt;group&gt;</string>
		</dict>
		<key>C55FE2FE1A5D96EE00032032</key>
		<dict>
			<key>fileRef</key>
			<string>C55FE2FD1A5D96EE00032032</string>
			<key>isa</key>
			<string>PBXBuildFile</string>
		</dict>
		<key>C55FE31E1A5ED76400032032</key>
		<dict>
			<key>fileEncoding</key>
			<string>4</string>
			<key>isa</key>
			<string>PBXFileReference</string>
			<key>lastKnownFileType</key>
			<string>sourcecode.c.h</string>
			<key>path</key>
			<string>BOXSampleProgressView.h</string>
			<key>sourceTree</key>
			<string>&lt;group&gt;</string>
		</dict>
		<key>C55FE31F1A5ED76400032032</key>
		<dict>
			<key>fileEncoding</key>
			<string>4</string>
			<key>isa</key>
			<string>PBXFileReference</string>
			<key>lastKnownFileType</key>
			<string>sourcecode.c.objc</string>
			<key>path</key>
			<string>BOXSampleProgressView.m</string>
			<key>sourceTree</key>
			<string>&lt;group&gt;</string>
		</dict>
		<key>C55FE3201A5ED76400032032</key>
		<dict>
			<key>fileRef</key>
			<string>C55FE31F1A5ED76400032032</string>
			<key>isa</key>
			<string>PBXBuildFile</string>
		</dict>
		<key>C55FE3211A5EDA9F00032032</key>
		<dict>
			<key>isa</key>
			<string>PBXFileReference</string>
			<key>lastKnownFileType</key>
			<string>image.jpeg</string>
			<key>path</key>
			<string>Logo_Box_Blue_Whitebg_480x480.jpg</string>
			<key>sourceTree</key>
			<string>&lt;group&gt;</string>
		</dict>
		<key>C55FE3221A5EDA9F00032032</key>
		<dict>
			<key>fileRef</key>
			<string>C55FE3211A5EDA9F00032032</string>
			<key>isa</key>
			<string>PBXBuildFile</string>
		</dict>
		<key>C5745C1B1A5AF6CC00824FFA</key>
		<dict>
			<key>children</key>
			<array>
				<string>C5745C261A5AF6CC00824FFA</string>
				<string>C5745C401A5AF6CC00824FFA</string>
				<string>C5745C251A5AF6CC00824FFA</string>
				<string>C52D0A8D1A5C18ED00CD4B56</string>
				<string>547555C65AAC6EC967727224</string>
			</array>
			<key>isa</key>
			<string>PBXGroup</string>
			<key>sourceTree</key>
			<string>&lt;group&gt;</string>
		</dict>
		<key>C5745C1C1A5AF6CC00824FFA</key>
		<dict>
			<key>attributes</key>
			<dict>
				<key>LastUpgradeCheck</key>
				<string>0610</string>
				<key>ORGANIZATIONNAME</key>
				<string>Box</string>
				<key>TargetAttributes</key>
				<dict>
					<key>C5745C231A5AF6CC00824FFA</key>
					<dict>
						<key>CreatedOnToolsVersion</key>
						<string>6.1</string>
					</dict>
					<key>C5745C3C1A5AF6CC00824FFA</key>
					<dict>
						<key>CreatedOnToolsVersion</key>
						<string>6.1</string>
						<key>TestTargetID</key>
						<string>C5745C231A5AF6CC00824FFA</string>
					</dict>
				</dict>
			</dict>
			<key>buildConfigurationList</key>
			<string>C5745C1F1A5AF6CC00824FFA</string>
			<key>compatibilityVersion</key>
			<string>Xcode 3.2</string>
			<key>developmentRegion</key>
			<string>English</string>
			<key>hasScannedForEncodings</key>
			<string>0</string>
			<key>isa</key>
			<string>PBXProject</string>
			<key>knownRegions</key>
			<array>
				<string>en</string>
				<string>Base</string>
			</array>
			<key>mainGroup</key>
			<string>C5745C1B1A5AF6CC00824FFA</string>
			<key>productRefGroup</key>
			<string>C5745C251A5AF6CC00824FFA</string>
			<key>projectDirPath</key>
			<string></string>
			<key>projectReferences</key>
			<array/>
			<key>projectRoot</key>
			<string></string>
			<key>targets</key>
			<array>
				<string>C5745C231A5AF6CC00824FFA</string>
				<string>C5745C3C1A5AF6CC00824FFA</string>
			</array>
		</dict>
		<key>C5745C1F1A5AF6CC00824FFA</key>
		<dict>
			<key>buildConfigurations</key>
			<array>
				<string>C5745C451A5AF6CC00824FFA</string>
				<string>C5745C461A5AF6CC00824FFA</string>
			</array>
			<key>defaultConfigurationIsVisible</key>
			<string>0</string>
			<key>defaultConfigurationName</key>
			<string>Release</string>
			<key>isa</key>
			<string>XCConfigurationList</string>
		</dict>
		<key>C5745C201A5AF6CC00824FFA</key>
		<dict>
			<key>buildActionMask</key>
			<string>2147483647</string>
			<key>files</key>
			<array>
				<string>C5745C301A5AF6CC00824FFA</string>
				<string>C55FE3201A5ED76400032032</string>
				<string>C52D0A9F1A5C27A700CD4B56</string>
				<string>C52D0ACA1A5D4D8F00CD4B56</string>
				<string>86BA52D41B2A0950005DC854</string>
				<string>C55FE2FE1A5D96EE00032032</string>
				<string>3DD751971AD3044500BA719A</string>
				<string>C52D0ABF1A5D4B4100CD4B56</string>
				<string>C5745C2D1A5AF6CC00824FFA</string>
				<string>C5745C2A1A5AF6CC00824FFA</string>
			</array>
			<key>isa</key>
			<string>PBXSourcesBuildPhase</string>
			<key>runOnlyForDeploymentPostprocessing</key>
			<string>0</string>
		</dict>
		<key>C5745C211A5AF6CC00824FFA</key>
		<dict>
			<key>buildActionMask</key>
			<string>2147483647</string>
			<key>files</key>
			<array>
				<string>3DD751911AD2FEDE00BA719A</string>
				<string>C540BEB31A5B00B40060E41B</string>
				<string>C540BEB51A5B00BA0060E41B</string>
				<string>C52D0A881A5C18D100CD4B56</string>
				<string>C52D0A8F1A5C18FB00CD4B56</string>
				<string>983E98E82C544700D923D044</string>
			</array>
			<key>isa</key>
			<string>PBXFrameworksBuildPhase</string>
			<key>runOnlyForDeploymentPostprocessing</key>
			<string>0</string>
		</dict>
		<key>C5745C221A5AF6CC00824FFA</key>
		<dict>
			<key>buildActionMask</key>
			<string>2147483647</string>
			<key>files</key>
			<array>
				<string>C52D0AA91A5C2AB300CD4B56</string>
				<string>C52D0AAB1A5C2AB300CD4B56</string>
				<string>C52D0A941A5C1C7A00CD4B56</string>
				<string>E11BED371ADBE5CA00A9216F</string>
				<string>C52D0AAC1A5C2AB300CD4B56</string>
				<string>C52D0AAD1A5C2AB300CD4B56</string>
				<string>C52D0AAA1A5C2AB300CD4B56</string>
				<string>C5745C381A5AF6CC00824FFA</string>
				<string>C52D0AAE1A5C2AB300CD4B56</string>
				<string>C55FE3221A5EDA9F00032032</string>
				<string>E11BED381ADBE5CA00A9216F</string>
				<string>C5745C351A5AF6CC00824FFA</string>
			</array>
			<key>isa</key>
			<string>PBXResourcesBuildPhase</string>
			<key>runOnlyForDeploymentPostprocessing</key>
			<string>0</string>
		</dict>
		<key>C5745C231A5AF6CC00824FFA</key>
		<dict>
			<key>buildConfigurationList</key>
			<string>C5745C471A5AF6CC00824FFA</string>
			<key>buildPhases</key>
			<array>
				<string>DD93C4C0B5E7F4C6A9361471</string>
				<string>C5745C201A5AF6CC00824FFA</string>
				<string>C5745C211A5AF6CC00824FFA</string>
				<string>C5745C221A5AF6CC00824FFA</string>
				<string>4307CF4D9492EC5B0F94B7C1</string>
				<string>521CB38129EBF42057D11D1B</string>
			</array>
			<key>buildRules</key>
			<array/>
			<key>dependencies</key>
			<array/>
			<key>isa</key>
			<string>PBXNativeTarget</string>
			<key>name</key>
			<string>BoxContentSDKSampleApp</string>
			<key>productName</key>
			<string>BoxSDKSampleApp</string>
			<key>productReference</key>
			<string>C5745C241A5AF6CC00824FFA</string>
			<key>productType</key>
			<string>com.apple.product-type.application</string>
		</dict>
		<key>C5745C241A5AF6CC00824FFA</key>
		<dict>
			<key>explicitFileType</key>
			<string>wrapper.application</string>
			<key>includeInIndex</key>
			<string>0</string>
			<key>isa</key>
			<string>PBXFileReference</string>
			<key>path</key>
			<string>BoxContentSDKSampleApp.app</string>
			<key>sourceTree</key>
			<string>BUILT_PRODUCTS_DIR</string>
		</dict>
		<key>C5745C251A5AF6CC00824FFA</key>
		<dict>
			<key>children</key>
			<array>
				<string>C5745C241A5AF6CC00824FFA</string>
				<string>C5745C3D1A5AF6CC00824FFA</string>
			</array>
			<key>isa</key>
			<string>PBXGroup</string>
			<key>name</key>
			<string>Products</string>
			<key>sourceTree</key>
			<string>&lt;group&gt;</string>
		</dict>
		<key>C5745C261A5AF6CC00824FFA</key>
		<dict>
			<key>children</key>
			<array>
				<string>C52D0ACB1A5D4D9600CD4B56</string>
				<string>C5745C2B1A5AF6CC00824FFA</string>
				<string>C5745C2C1A5AF6CC00824FFA</string>
				<string>86BA52D21B2A0950005DC854</string>
				<string>86BA52D31B2A0950005DC854</string>
				<string>C5745C2E1A5AF6CC00824FFA</string>
				<string>C5745C2F1A5AF6CC00824FFA</string>
				<string>C52D0A9D1A5C27A700CD4B56</string>
				<string>C52D0A9E1A5C27A700CD4B56</string>
				<string>C55FE2FC1A5D96EE00032032</string>
				<string>C55FE2FD1A5D96EE00032032</string>
				<string>3DD751951AD3044500BA719A</string>
				<string>3DD751961AD3044500BA719A</string>
				<string>C52D0AC81A5D4D8F00CD4B56</string>
				<string>C52D0AC91A5D4D8F00CD4B56</string>
				<string>C55FE31E1A5ED76400032032</string>
				<string>C55FE31F1A5ED76400032032</string>
				<string>C52D0A921A5C1C7A00CD4B56</string>
				<string>C5745C341A5AF6CC00824FFA</string>
				<string>C5745C361A5AF6CC00824FFA</string>
				<string>C52D0AA21A5C2AB300CD4B56</string>
				<string>C5745C271A5AF6CC00824FFA</string>
			</array>
			<key>isa</key>
			<string>PBXGroup</string>
			<key>path</key>
			<string>BoxContentSDKSampleApp</string>
			<key>sourceTree</key>
			<string>&lt;group&gt;</string>
		</dict>
		<key>C5745C271A5AF6CC00824FFA</key>
		<dict>
			<key>children</key>
			<array>
				<string>C52D0AA11A5C28D800CD4B56</string>
				<string>C5745C281A5AF6CC00824FFA</string>
				<string>C5745C291A5AF6CC00824FFA</string>
			</array>
			<key>isa</key>
			<string>PBXGroup</string>
			<key>name</key>
			<string>Supporting Files</string>
			<key>sourceTree</key>
			<string>&lt;group&gt;</string>
		</dict>
		<key>C5745C281A5AF6CC00824FFA</key>
		<dict>
			<key>isa</key>
			<string>PBXFileReference</string>
			<key>lastKnownFileType</key>
			<string>text.plist.xml</string>
			<key>path</key>
			<string>Info.plist</string>
			<key>sourceTree</key>
			<string>&lt;group&gt;</string>
		</dict>
		<key>C5745C291A5AF6CC00824FFA</key>
		<dict>
			<key>isa</key>
			<string>PBXFileReference</string>
			<key>lastKnownFileType</key>
			<string>sourcecode.c.objc</string>
			<key>path</key>
			<string>main.m</string>
			<key>sourceTree</key>
			<string>&lt;group&gt;</string>
		</dict>
		<key>C5745C2A1A5AF6CC00824FFA</key>
		<dict>
			<key>fileRef</key>
			<string>C5745C291A5AF6CC00824FFA</string>
			<key>isa</key>
			<string>PBXBuildFile</string>
		</dict>
		<key>C5745C2B1A5AF6CC00824FFA</key>
		<dict>
			<key>isa</key>
			<string>PBXFileReference</string>
			<key>lastKnownFileType</key>
			<string>sourcecode.c.h</string>
			<key>path</key>
			<string>BOXSampleAppDelegate.h</string>
			<key>sourceTree</key>
			<string>&lt;group&gt;</string>
		</dict>
		<key>C5745C2C1A5AF6CC00824FFA</key>
		<dict>
			<key>isa</key>
			<string>PBXFileReference</string>
			<key>lastKnownFileType</key>
			<string>sourcecode.c.objc</string>
			<key>path</key>
			<string>BOXSampleAppDelegate.m</string>
			<key>sourceTree</key>
			<string>&lt;group&gt;</string>
		</dict>
		<key>C5745C2D1A5AF6CC00824FFA</key>
		<dict>
			<key>fileRef</key>
			<string>C5745C2C1A5AF6CC00824FFA</string>
			<key>isa</key>
			<string>PBXBuildFile</string>
		</dict>
		<key>C5745C2E1A5AF6CC00824FFA</key>
		<dict>
			<key>isa</key>
			<string>PBXFileReference</string>
			<key>lastKnownFileType</key>
			<string>sourcecode.c.h</string>
			<key>path</key>
			<string>BOXSampleAccountsViewController.h</string>
			<key>sourceTree</key>
			<string>&lt;group&gt;</string>
		</dict>
		<key>C5745C2F1A5AF6CC00824FFA</key>
		<dict>
			<key>isa</key>
			<string>PBXFileReference</string>
			<key>lastKnownFileType</key>
			<string>sourcecode.c.objc</string>
			<key>path</key>
			<string>BOXSampleAccountsViewController.m</string>
			<key>sourceTree</key>
			<string>&lt;group&gt;</string>
		</dict>
		<key>C5745C301A5AF6CC00824FFA</key>
		<dict>
			<key>fileRef</key>
			<string>C5745C2F1A5AF6CC00824FFA</string>
			<key>isa</key>
			<string>PBXBuildFile</string>
		</dict>
		<key>C5745C341A5AF6CC00824FFA</key>
		<dict>
			<key>isa</key>
			<string>PBXFileReference</string>
			<key>lastKnownFileType</key>
			<string>folder.assetcatalog</string>
			<key>path</key>
			<string>Images.xcassets</string>
			<key>sourceTree</key>
			<string>&lt;group&gt;</string>
		</dict>
		<key>C5745C351A5AF6CC00824FFA</key>
		<dict>
			<key>fileRef</key>
			<string>C5745C341A5AF6CC00824FFA</string>
			<key>isa</key>
			<string>PBXBuildFile</string>
		</dict>
		<key>C5745C361A5AF6CC00824FFA</key>
		<dict>
			<key>children</key>
			<array>
				<string>C5745C371A5AF6CC00824FFA</string>
			</array>
			<key>isa</key>
			<string>PBXVariantGroup</string>
			<key>name</key>
			<string>LaunchScreen.xib</string>
			<key>sourceTree</key>
			<string>&lt;group&gt;</string>
		</dict>
		<key>C5745C371A5AF6CC00824FFA</key>
		<dict>
			<key>isa</key>
			<string>PBXFileReference</string>
			<key>lastKnownFileType</key>
			<string>file.xib</string>
			<key>name</key>
			<string>Base</string>
			<key>path</key>
			<string>Base.lproj/LaunchScreen.xib</string>
			<key>sourceTree</key>
			<string>&lt;group&gt;</string>
		</dict>
		<key>C5745C381A5AF6CC00824FFA</key>
		<dict>
			<key>fileRef</key>
			<string>C5745C361A5AF6CC00824FFA</string>
			<key>isa</key>
			<string>PBXBuildFile</string>
		</dict>
		<key>C5745C391A5AF6CC00824FFA</key>
		<dict>
			<key>buildActionMask</key>
			<string>2147483647</string>
			<key>files</key>
			<array>
				<string>C5745C441A5AF6CC00824FFA</string>
			</array>
			<key>isa</key>
			<string>PBXSourcesBuildPhase</string>
			<key>runOnlyForDeploymentPostprocessing</key>
			<string>0</string>
		</dict>
		<key>C5745C3A1A5AF6CC00824FFA</key>
		<dict>
			<key>buildActionMask</key>
			<string>2147483647</string>
			<key>files</key>
			<array/>
			<key>isa</key>
			<string>PBXFrameworksBuildPhase</string>
			<key>runOnlyForDeploymentPostprocessing</key>
			<string>0</string>
		</dict>
		<key>C5745C3B1A5AF6CC00824FFA</key>
		<dict>
			<key>buildActionMask</key>
			<string>2147483647</string>
			<key>files</key>
			<array/>
			<key>isa</key>
			<string>PBXResourcesBuildPhase</string>
			<key>runOnlyForDeploymentPostprocessing</key>
			<string>0</string>
		</dict>
		<key>C5745C3C1A5AF6CC00824FFA</key>
		<dict>
			<key>buildConfigurationList</key>
			<string>C5745C4A1A5AF6CC00824FFA</string>
			<key>buildPhases</key>
			<array>
				<string>C5745C391A5AF6CC00824FFA</string>
				<string>C5745C3A1A5AF6CC00824FFA</string>
				<string>C5745C3B1A5AF6CC00824FFA</string>
			</array>
			<key>buildRules</key>
			<array/>
			<key>dependencies</key>
			<array>
				<string>C5745C3F1A5AF6CC00824FFA</string>
			</array>
			<key>isa</key>
			<string>PBXNativeTarget</string>
			<key>name</key>
			<string>BoxContentSDKSampleAppTests</string>
			<key>productName</key>
			<string>BoxSDKSampleAppTests</string>
			<key>productReference</key>
			<string>C5745C3D1A5AF6CC00824FFA</string>
			<key>productType</key>
			<string>com.apple.product-type.bundle.unit-test</string>
		</dict>
		<key>C5745C3D1A5AF6CC00824FFA</key>
		<dict>
			<key>explicitFileType</key>
			<string>wrapper.cfbundle</string>
			<key>includeInIndex</key>
			<string>0</string>
			<key>isa</key>
			<string>PBXFileReference</string>
			<key>path</key>
			<string>BoxContentSDKSampleAppTests.xctest</string>
			<key>sourceTree</key>
			<string>BUILT_PRODUCTS_DIR</string>
		</dict>
		<key>C5745C3E1A5AF6CC00824FFA</key>
		<dict>
			<key>containerPortal</key>
			<string>C5745C1C1A5AF6CC00824FFA</string>
			<key>isa</key>
			<string>PBXContainerItemProxy</string>
			<key>proxyType</key>
			<string>1</string>
			<key>remoteGlobalIDString</key>
			<string>C5745C231A5AF6CC00824FFA</string>
			<key>remoteInfo</key>
			<string>BoxSDKSampleApp</string>
		</dict>
		<key>C5745C3F1A5AF6CC00824FFA</key>
		<dict>
			<key>isa</key>
			<string>PBXTargetDependency</string>
			<key>target</key>
			<string>C5745C231A5AF6CC00824FFA</string>
			<key>targetProxy</key>
			<string>C5745C3E1A5AF6CC00824FFA</string>
		</dict>
		<key>C5745C401A5AF6CC00824FFA</key>
		<dict>
			<key>children</key>
			<array>
				<string>C5745C431A5AF6CC00824FFA</string>
				<string>C5745C411A5AF6CC00824FFA</string>
			</array>
			<key>isa</key>
			<string>PBXGroup</string>
			<key>path</key>
			<string>BoxContentSDKSampleAppTests</string>
			<key>sourceTree</key>
			<string>&lt;group&gt;</string>
		</dict>
		<key>C5745C411A5AF6CC00824FFA</key>
		<dict>
			<key>children</key>
			<array>
				<string>C5745C421A5AF6CC00824FFA</string>
			</array>
			<key>isa</key>
			<string>PBXGroup</string>
			<key>name</key>
			<string>Supporting Files</string>
			<key>sourceTree</key>
			<string>&lt;group&gt;</string>
		</dict>
		<key>C5745C421A5AF6CC00824FFA</key>
		<dict>
			<key>isa</key>
			<string>PBXFileReference</string>
			<key>lastKnownFileType</key>
			<string>text.plist.xml</string>
			<key>path</key>
			<string>Info.plist</string>
			<key>sourceTree</key>
			<string>&lt;group&gt;</string>
		</dict>
		<key>C5745C431A5AF6CC00824FFA</key>
		<dict>
			<key>isa</key>
			<string>PBXFileReference</string>
			<key>lastKnownFileType</key>
			<string>sourcecode.c.objc</string>
			<key>path</key>
			<string>BoxSDKSampleAppTests.m</string>
			<key>sourceTree</key>
			<string>&lt;group&gt;</string>
		</dict>
		<key>C5745C441A5AF6CC00824FFA</key>
		<dict>
			<key>fileRef</key>
			<string>C5745C431A5AF6CC00824FFA</string>
			<key>isa</key>
			<string>PBXBuildFile</string>
		</dict>
		<key>C5745C451A5AF6CC00824FFA</key>
		<dict>
			<key>buildSettings</key>
			<dict>
				<key>ALWAYS_SEARCH_USER_PATHS</key>
				<string>NO</string>
				<key>CLANG_CXX_LANGUAGE_STANDARD</key>
				<string>gnu++0x</string>
				<key>CLANG_CXX_LIBRARY</key>
				<string>libc++</string>
				<key>CLANG_ENABLE_MODULES</key>
				<string>YES</string>
				<key>CLANG_ENABLE_OBJC_ARC</key>
				<string>YES</string>
				<key>CLANG_WARN_BOOL_CONVERSION</key>
				<string>YES</string>
				<key>CLANG_WARN_CONSTANT_CONVERSION</key>
				<string>YES</string>
				<key>CLANG_WARN_DIRECT_OBJC_ISA_USAGE</key>
				<string>YES_ERROR</string>
				<key>CLANG_WARN_EMPTY_BODY</key>
				<string>YES</string>
				<key>CLANG_WARN_ENUM_CONVERSION</key>
				<string>YES</string>
				<key>CLANG_WARN_INT_CONVERSION</key>
				<string>YES</string>
				<key>CLANG_WARN_OBJC_ROOT_CLASS</key>
				<string>YES_ERROR</string>
				<key>CLANG_WARN_UNREACHABLE_CODE</key>
				<string>YES</string>
				<key>CLANG_WARN__DUPLICATE_METHOD_MATCH</key>
				<string>YES</string>
				<key>CODE_SIGN_IDENTITY[sdk=iphoneos*]</key>
				<string>iPhone Developer</string>
				<key>COPY_PHASE_STRIP</key>
				<string>NO</string>
				<key>ENABLE_STRICT_OBJC_MSGSEND</key>
				<string>YES</string>
				<key>GCC_C_LANGUAGE_STANDARD</key>
				<string>gnu99</string>
				<key>GCC_DYNAMIC_NO_PIC</key>
				<string>NO</string>
				<key>GCC_OPTIMIZATION_LEVEL</key>
				<string>0</string>
				<key>GCC_PREPROCESSOR_DEFINITIONS</key>
				<array>
					<string>DEBUG=1</string>
					<string>$(inherited)</string>
				</array>
				<key>GCC_SYMBOLS_PRIVATE_EXTERN</key>
				<string>NO</string>
				<key>GCC_WARN_64_TO_32_BIT_CONVERSION</key>
				<string>YES</string>
				<key>GCC_WARN_ABOUT_RETURN_TYPE</key>
				<string>YES_ERROR</string>
				<key>GCC_WARN_UNDECLARED_SELECTOR</key>
				<string>YES</string>
				<key>GCC_WARN_UNINITIALIZED_AUTOS</key>
				<string>YES_AGGRESSIVE</string>
				<key>GCC_WARN_UNUSED_FUNCTION</key>
				<string>YES</string>
				<key>GCC_WARN_UNUSED_VARIABLE</key>
				<string>YES</string>
				<key>IPHONEOS_DEPLOYMENT_TARGET</key>
				<string>8.1</string>
				<key>MTL_ENABLE_DEBUG_INFO</key>
				<string>YES</string>
				<key>ONLY_ACTIVE_ARCH</key>
				<string>YES</string>
				<key>SDKROOT</key>
				<string>iphoneos</string>
				<key>TARGETED_DEVICE_FAMILY</key>
				<string>1,2</string>
			</dict>
			<key>isa</key>
			<string>XCBuildConfiguration</string>
			<key>name</key>
			<string>Debug</string>
		</dict>
		<key>C5745C461A5AF6CC00824FFA</key>
		<dict>
			<key>buildSettings</key>
			<dict>
				<key>ALWAYS_SEARCH_USER_PATHS</key>
				<string>NO</string>
				<key>CLANG_CXX_LANGUAGE_STANDARD</key>
				<string>gnu++0x</string>
				<key>CLANG_CXX_LIBRARY</key>
				<string>libc++</string>
				<key>CLANG_ENABLE_MODULES</key>
				<string>YES</string>
				<key>CLANG_ENABLE_OBJC_ARC</key>
				<string>YES</string>
				<key>CLANG_WARN_BOOL_CONVERSION</key>
				<string>YES</string>
				<key>CLANG_WARN_CONSTANT_CONVERSION</key>
				<string>YES</string>
				<key>CLANG_WARN_DIRECT_OBJC_ISA_USAGE</key>
				<string>YES_ERROR</string>
				<key>CLANG_WARN_EMPTY_BODY</key>
				<string>YES</string>
				<key>CLANG_WARN_ENUM_CONVERSION</key>
				<string>YES</string>
				<key>CLANG_WARN_INT_CONVERSION</key>
				<string>YES</string>
				<key>CLANG_WARN_OBJC_ROOT_CLASS</key>
				<string>YES_ERROR</string>
				<key>CLANG_WARN_UNREACHABLE_CODE</key>
				<string>YES</string>
				<key>CLANG_WARN__DUPLICATE_METHOD_MATCH</key>
				<string>YES</string>
				<key>CODE_SIGN_IDENTITY[sdk=iphoneos*]</key>
				<string>iPhone Developer</string>
				<key>COPY_PHASE_STRIP</key>
				<string>YES</string>
				<key>ENABLE_NS_ASSERTIONS</key>
				<string>NO</string>
				<key>ENABLE_STRICT_OBJC_MSGSEND</key>
				<string>YES</string>
				<key>GCC_C_LANGUAGE_STANDARD</key>
				<string>gnu99</string>
				<key>GCC_WARN_64_TO_32_BIT_CONVERSION</key>
				<string>YES</string>
				<key>GCC_WARN_ABOUT_RETURN_TYPE</key>
				<string>YES_ERROR</string>
				<key>GCC_WARN_UNDECLARED_SELECTOR</key>
				<string>YES</string>
				<key>GCC_WARN_UNINITIALIZED_AUTOS</key>
				<string>YES_AGGRESSIVE</string>
				<key>GCC_WARN_UNUSED_FUNCTION</key>
				<string>YES</string>
				<key>GCC_WARN_UNUSED_VARIABLE</key>
				<string>YES</string>
				<key>IPHONEOS_DEPLOYMENT_TARGET</key>
				<string>8.1</string>
				<key>MTL_ENABLE_DEBUG_INFO</key>
				<string>NO</string>
				<key>SDKROOT</key>
				<string>iphoneos</string>
				<key>TARGETED_DEVICE_FAMILY</key>
				<string>1,2</string>
				<key>VALIDATE_PRODUCT</key>
				<string>YES</string>
			</dict>
			<key>isa</key>
			<string>XCBuildConfiguration</string>
			<key>name</key>
			<string>Release</string>
		</dict>
		<key>C5745C471A5AF6CC00824FFA</key>
		<dict>
			<key>buildConfigurations</key>
			<array>
				<string>C5745C481A5AF6CC00824FFA</string>
				<string>C5745C491A5AF6CC00824FFA</string>
			</array>
			<key>defaultConfigurationIsVisible</key>
			<string>0</string>
			<key>defaultConfigurationName</key>
			<string>Release</string>
			<key>isa</key>
			<string>XCConfigurationList</string>
		</dict>
		<key>C5745C481A5AF6CC00824FFA</key>
		<dict>
			<key>baseConfigurationReference</key>
			<string>AE3E844380CFCDD4B3A1B2D6</string>
			<key>buildSettings</key>
			<dict>
				<key>ASSETCATALOG_COMPILER_APPICON_NAME</key>
				<string>AppIcon</string>
				<key>FRAMEWORK_SEARCH_PATHS</key>
				<string></string>
				<key>GCC_PREFIX_HEADER</key>
				<string>BoxContentSDKSampleApp/BoxContentSDKSampleApp-Prefix.pch</string>
				<key>INFOPLIST_FILE</key>
				<string>BoxContentSDKSampleApp/Info.plist</string>
				<key>IPHONEOS_DEPLOYMENT_TARGET</key>
				<string>7.0</string>
				<key>LD_RUNPATH_SEARCH_PATHS</key>
				<string>$(inherited) @executable_path/Frameworks</string>
				<key>LIBRARY_SEARCH_PATHS</key>
				<array>
					<string>$(SDKROOT)/usr/lib/system</string>
					<string>$(SRCROOT)/BoxContentSDK/build/Debug-iphoneos</string>
					<string>$(inherited)</string>
				</array>
				<key>OTHER_LDFLAGS</key>
				<string>$(inherited)</string>
				<key>PRODUCT_NAME</key>
				<string>BoxContentSDKSampleApp</string>
				<key>PUBLIC_HEADERS_FOLDER_PATH</key>
				<string></string>
			</dict>
			<key>isa</key>
			<string>XCBuildConfiguration</string>
			<key>name</key>
			<string>Debug</string>
		</dict>
		<key>C5745C491A5AF6CC00824FFA</key>
		<dict>
			<key>baseConfigurationReference</key>
			<string>F9EEE865F11B4AC3E4B76C63</string>
			<key>buildSettings</key>
			<dict>
				<key>ASSETCATALOG_COMPILER_APPICON_NAME</key>
				<string>AppIcon</string>
				<key>FRAMEWORK_SEARCH_PATHS</key>
				<string></string>
				<key>GCC_PREFIX_HEADER</key>
				<string>BoxContentSDKSampleApp/BoxContentSDKSampleApp-Prefix.pch</string>
				<key>INFOPLIST_FILE</key>
				<string>BoxContentSDKSampleApp/Info.plist</string>
				<key>IPHONEOS_DEPLOYMENT_TARGET</key>
				<string>7.0</string>
				<key>LD_RUNPATH_SEARCH_PATHS</key>
				<string>$(inherited) @executable_path/Frameworks</string>
				<key>LIBRARY_SEARCH_PATHS</key>
				<array>
					<string>$(SDKROOT)/usr/lib/system</string>
					<string>$(SRCROOT)/BoxContentSDK/build/Debug-iphoneos</string>
					<string>$(inherited)</string>
				</array>
				<key>OTHER_LDFLAGS</key>
				<string>$(inherited)</string>
				<key>PRODUCT_NAME</key>
				<string>BoxContentSDKSampleApp</string>
				<key>PUBLIC_HEADERS_FOLDER_PATH</key>
				<string></string>
			</dict>
			<key>isa</key>
			<string>XCBuildConfiguration</string>
			<key>name</key>
			<string>Release</string>
		</dict>
		<key>C5745C4A1A5AF6CC00824FFA</key>
		<dict>
			<key>buildConfigurations</key>
			<array>
				<string>C5745C4B1A5AF6CC00824FFA</string>
				<string>C5745C4C1A5AF6CC00824FFA</string>
			</array>
			<key>defaultConfigurationIsVisible</key>
			<string>0</string>
			<key>defaultConfigurationName</key>
			<string>Release</string>
			<key>isa</key>
			<string>XCConfigurationList</string>
		</dict>
		<key>C5745C4B1A5AF6CC00824FFA</key>
		<dict>
			<key>buildSettings</key>
			<dict>
				<key>BUNDLE_LOADER</key>
				<string>$(TEST_HOST)</string>
				<key>FRAMEWORK_SEARCH_PATHS</key>
				<array>
					<string>$(SDKROOT)/Developer/Library/Frameworks</string>
					<string>$(inherited)</string>
				</array>
				<key>GCC_PREPROCESSOR_DEFINITIONS</key>
				<array>
					<string>DEBUG=1</string>
					<string>$(inherited)</string>
				</array>
				<key>INFOPLIST_FILE</key>
				<string>BoxContentSDKSampleAppTests/Info.plist</string>
				<key>LD_RUNPATH_SEARCH_PATHS</key>
				<string>$(inherited) @executable_path/Frameworks @loader_path/Frameworks</string>
				<key>PRODUCT_NAME</key>
				<string>BoxContentSDKSampleAppTests</string>
				<key>TEST_HOST</key>
				<string>$(BUILT_PRODUCTS_DIR)/BoxContentSDKSampleApp.app/BoxContentSDKSampleApp</string>
			</dict>
			<key>isa</key>
			<string>XCBuildConfiguration</string>
			<key>name</key>
			<string>Debug</string>
		</dict>
		<key>C5745C4C1A5AF6CC00824FFA</key>
		<dict>
			<key>buildSettings</key>
			<dict>
				<key>BUNDLE_LOADER</key>
				<string>$(TEST_HOST)</string>
				<key>FRAMEWORK_SEARCH_PATHS</key>
				<array>
					<string>$(SDKROOT)/Developer/Library/Frameworks</string>
					<string>$(inherited)</string>
				</array>
				<key>INFOPLIST_FILE</key>
				<string>BoxContentSDKSampleAppTests/Info.plist</string>
				<key>LD_RUNPATH_SEARCH_PATHS</key>
				<string>$(inherited) @executable_path/Frameworks @loader_path/Frameworks</string>
				<key>PRODUCT_NAME</key>
				<string>BoxContentSDKSampleAppTests</string>
				<key>TEST_HOST</key>
				<string>$(BUILT_PRODUCTS_DIR)/BoxContentSDKSampleApp.app/BoxContentSDKSampleApp</string>
			</dict>
			<key>isa</key>
			<string>XCBuildConfiguration</string>
			<key>name</key>
			<string>Release</string>
		</dict>
		<key>DD93C4C0B5E7F4C6A9361471</key>
		<dict>
			<key>buildActionMask</key>
			<string>2147483647</string>
			<key>files</key>
			<array/>
			<key>inputPaths</key>
			<array/>
			<key>isa</key>
			<string>PBXShellScriptBuildPhase</string>
			<key>name</key>
			<string>Check Pods Manifest.lock</string>
			<key>outputPaths</key>
			<array/>
			<key>runOnlyForDeploymentPostprocessing</key>
			<string>0</string>
			<key>shellPath</key>
			<string>/bin/sh</string>
			<key>shellScript</key>
			<string>diff "${PODS_ROOT}/../Podfile.lock" "${PODS_ROOT}/Manifest.lock" &gt; /dev/null
if [[ $? != 0 ]] ; then
    cat &lt;&lt; EOM
error: The sandbox is not in sync with the Podfile.lock. Run 'pod install' or update your CocoaPods installation.
EOM
    exit 1
fi
</string>
			<key>showEnvVarsInLog</key>
			<string>0</string>
		</dict>
		<key>E11BED351ADBE5CA00A9216F</key>
		<dict>
			<key>isa</key>
			<string>PBXFileReference</string>
			<key>lastKnownFileType</key>
			<string>image.png</string>
			<key>path</key>
			<string>icon-folder-external.png</string>
			<key>sourceTree</key>
			<string>&lt;group&gt;</string>
		</dict>
		<key>E11BED361ADBE5CA00A9216F</key>
		<dict>
			<key>isa</key>
			<string>PBXFileReference</string>
			<key>lastKnownFileType</key>
			<string>image.png</string>
			<key>path</key>
			<string>icon-folder-external@2x.png</string>
			<key>sourceTree</key>
			<string>&lt;group&gt;</string>
		</dict>
		<key>E11BED371ADBE5CA00A9216F</key>
		<dict>
			<key>fileRef</key>
			<string>E11BED351ADBE5CA00A9216F</string>
			<key>isa</key>
			<string>PBXBuildFile</string>
		</dict>
		<key>E11BED381ADBE5CA00A9216F</key>
		<dict>
			<key>fileRef</key>
			<string>E11BED361ADBE5CA00A9216F</string>
			<key>isa</key>
			<string>PBXBuildFile</string>
		</dict>
		<key>F9EEE865F11B4AC3E4B76C63</key>
		<dict>
			<key>includeInIndex</key>
			<string>1</string>
			<key>isa</key>
			<string>PBXFileReference</string>
			<key>lastKnownFileType</key>
			<string>text.xcconfig</string>
			<key>name</key>
			<string>Pods-BoxContentSDKSampleApp.release.xcconfig</string>
			<key>path</key>
			<string>Pods/Target Support Files/Pods-BoxContentSDKSampleApp/Pods-BoxContentSDKSampleApp.release.xcconfig</string>
			<key>sourceTree</key>
			<string>&lt;group&gt;</string>
		</dict>
	</dict>
	<key>rootObject</key>
	<string>C5745C1C1A5AF6CC00824FFA</string>
</dict>
</plist>
